
Microsoft Visual Studio Solution File, Format Version 12.00
# Visual Studio 15
VisualStudioVersion = 15.0.28010.2046
MinimumVisualStudioVersion = 10.0.40219.1
Project("{9A19103F-16F7-4668-BE54-9A1E7A4F7556}") = "Insert_DataBase_Example", "Insert_DataBase_Example\Insert_DataBase_Example.csproj", "{80E2167C-A225-43CC-A5FF-E6FC9ECE80D8}"
EndProject
Project("{FAE04EC0-301F-11D3-BF4B-00C04F79EFBC}") = "WebApplication1", "WebApplication1\WebApplication1.csproj", "{9CCD247F-FCEB-4182-903D-30D416C83BC0}"
EndProject
Project("{FAE04EC0-301F-11D3-BF4B-00C04F79EFBC}") = "Application", "Application\Application.csproj", "{2A6825BE-AA1F-4DB3-8D94-CDF26EDFCFF4}"
EndProject
Project("{FAE04EC0-301F-11D3-BF4B-00C04F79EFBC}") = "Core", "Core\Core.csproj", "{45C27DAF-CD53-4683-9323-0EFAE6D5DB2D}"
EndProject
Global
	GlobalSection(SolutionConfigurationPlatforms) = preSolution
		Debug|Any CPU = Debug|Any CPU
		Release|Any CPU = Release|Any CPU
	EndGlobalSection
	GlobalSection(ProjectConfigurationPlatforms) = postSolution
		{80E2167C-A225-43CC-A5FF-E6FC9ECE80D8}.Debug|Any CPU.ActiveCfg = Debug|Any CPU
		{80E2167C-A225-43CC-A5FF-E6FC9ECE80D8}.Debug|Any CPU.Build.0 = Debug|Any CPU
		{80E2167C-A225-43CC-A5FF-E6FC9ECE80D8}.Release|Any CPU.ActiveCfg = Release|Any CPU
		{80E2167C-A225-43CC-A5FF-E6FC9ECE80D8}.Release|Any CPU.Build.0 = Release|Any CPU
		{9CCD247F-FCEB-4182-903D-30D416C83BC0}.Debug|Any CPU.ActiveCfg = Debug|Any CPU
		{9CCD247F-FCEB-4182-903D-30D416C83BC0}.Debug|Any CPU.Build.0 = Debug|Any CPU
		{9CCD247F-FCEB-4182-903D-30D416C83BC0}.Release|Any CPU.ActiveCfg = Release|Any CPU
		{9CCD247F-FCEB-4182-903D-30D416C83BC0}.Release|Any CPU.Build.0 = Release|Any CPU
		{2A6825BE-AA1F-4DB3-8D94-CDF26EDFCFF4}.Debug|Any CPU.ActiveCfg = Debug|Any CPU
		{2A6825BE-AA1F-4DB3-8D94-CDF26EDFCFF4}.Debug|Any CPU.Build.0 = Debug|Any CPU
		{2A6825BE-AA1F-4DB3-8D94-CDF26EDFCFF4}.Release|Any CPU.ActiveCfg = Release|Any CPU
		{2A6825BE-AA1F-4DB3-8D94-CDF26EDFCFF4}.Release|Any CPU.Build.0 = Release|Any CPU
		{45C27DAF-CD53-4683-9323-0EFAE6D5DB2D}.Debug|Any CPU.ActiveCfg = Debug|Any CPU
		{45C27DAF-CD53-4683-9323-0EFAE6D5DB2D}.Debug|Any CPU.Build.0 = Debug|Any CPU
		{45C27DAF-CD53-4683-9323-0EFAE6D5DB2D}.Release|Any CPU.ActiveCfg = Release|Any CPU
		{45C27DAF-CD53-4683-9323-0EFAE6D5DB2D}.Release|Any CPU.Build.0 = Release|Any CPU
	EndGlobalSection
	GlobalSection(SolutionProperties) = preSolution
		HideSolutionNode = FALSE
	EndGlobalSection
	GlobalSection(ExtensibilityGlobals) = postSolution
		SolutionGuid = {F745A1E6-F358-4AB0-884F-DCA627A52EA1}
	EndGlobalSection
EndGlobal
